
Microsoft Visual Studio Solution File, Format Version 12.00
# Visual Studio Version 17
VisualStudioVersion = 17.5.002.0
MinimumVisualStudioVersion = 10.0.40219.1
Project("{9A19103F-16F7-4668-BE54-9A1E7A4F7556}") = "WpfBlazorSearchTool", "WpfBlazorSearchTool.csproj", "{C6315B7B-F68F-4DF3-8D3B-C34BEFF984FD}"
EndProject
Global
	GlobalSection(SolutionConfigurationPlatforms) = preSolution
		Debug|Any CPU = Debug|Any CPU
		Release|Any CPU = Release|Any CPU
	EndGlobalSection
	GlobalSection(ProjectConfigurationPlatforms) = postSolution
		{C6315B7B-F68F-4DF3-8D3B-C34BEFF984FD}.Debug|Any CPU.ActiveCfg = Debug|Any CPU
		{C6315B7B-F68F-4DF3-8D3B-C34BEFF984FD}.Debug|Any CPU.Build.0 = Debug|Any CPU
		{C6315B7B-F68F-4DF3-8D3B-C34BEFF984FD}.Release|Any CPU.ActiveCfg = Release|Any CPU
		{C6315B7B-F68F-4DF3-8D3B-C34BEFF984FD}.Release|Any CPU.Build.0 = Release|Any CPU
	EndGlobalSection
	GlobalSection(SolutionProperties) = preSolution
		HideSolutionNode = FALSE
	EndGlobalSection
	GlobalSection(ExtensibilityGlobals) = postSolution
		SolutionGuid = {29525435-AD8A-43EC-AC55-FDFA05883D41}
	EndGlobalSection
EndGlobal
